// !$*UTF8*$!
{
	archiveVersion = 1;
	classes = {
	};
	objectVersion = 46;
	objects = {

/* Begin PBXBuildFile section */
		652B54851B2F209A0023280E /* main.m in Sources */ = {isa = PBXBuildFile; fileRef = 652B54841B2F209A0023280E /* main.m */; };
		652B54881B2F209A0023280E /* AppDelegate.m in Sources */ = {isa = PBXBuildFile; fileRef = 652B54871B2F209A0023280E /* AppDelegate.m */; };
		652B548E1B2F209A0023280E /* Main.storyboard in Resources */ = {isa = PBXBuildFile; fileRef = 652B548C1B2F209A0023280E /* Main.storyboard */; };
		652B54901B2F209A0023280E /* Images.xcassets in Resources */ = {isa = PBXBuildFile; fileRef = 652B548F1B2F209A0023280E /* Images.xcassets */; };
		652B54931B2F209A0023280E /* LaunchScreen.xib in Resources */ = {isa = PBXBuildFile; fileRef = 652B54911B2F209A0023280E /* LaunchScreen.xib */; };
		652B549F1B2F209A0023280E /* RRCustomViewControllerTransitionsTests.m in Sources */ = {isa = PBXBuildFile; fileRef = 652B549E1B2F209A0023280E /* RRCustomViewControllerTransitionsTests.m */; };
		652B54AC1B2F5C570023280E /* RRSecondViewController.m in Sources */ = {isa = PBXBuildFile; fileRef = 652B54AB1B2F5C570023280E /* RRSecondViewController.m */; };
		652B54AD1B2F5C570023280E /* RRSecondViewController.m in Sources */ = {isa = PBXBuildFile; fileRef = 652B54AB1B2F5C570023280E /* RRSecondViewController.m */; };
		652B54B01B2F5C7D0023280E /* RRFirstViewController.m in Sources */ = {isa = PBXBuildFile; fileRef = 652B54AF1B2F5C7D0023280E /* RRFirstViewController.m */; };
		652B54B11B2F5C7D0023280E /* RRFirstViewController.m in Sources */ = {isa = PBXBuildFile; fileRef = 652B54AF1B2F5C7D0023280E /* RRFirstViewController.m */; };
		652B54B41B2F5CE80023280E /* RRViewControllerAnimator.m in Sources */ = {isa = PBXBuildFile; fileRef = 652B54B31B2F5CE80023280E /* RRViewControllerAnimator.m */; };
		652B54B51B2F5CE80023280E /* RRViewControllerAnimator.m in Sources */ = {isa = PBXBuildFile; fileRef = 652B54B31B2F5CE80023280E /* RRViewControllerAnimator.m */; };
		652B54B91B2F89090023280E /* RRNavigationControllerDelegate.m in Sources */ = {isa = PBXBuildFile; fileRef = 652B54B81B2F89090023280E /* RRNavigationControllerDelegate.m */; };
		652B54BA1B2F89090023280E /* RRNavigationControllerDelegate.m in Sources */ = {isa = PBXBuildFile; fileRef = 652B54B81B2F89090023280E /* RRNavigationControllerDelegate.m */; };
/* End PBXBuildFile section */

/* Begin PBXContainerItemProxy section */
		652B54991B2F209A0023280E /* PBXContainerItemProxy */ = {
			isa = PBXContainerItemProxy;
			containerPortal = 652B54771B2F209A0023280E /* Project object */;
			proxyType = 1;
			remoteGlobalIDString = 652B547E1B2F209A0023280E;
			remoteInfo = RRCustomViewControllerTransitions;
		};
/* End PBXContainerItemProxy section */

/* Begin PBXFileReference section */
		652B547F1B2F209A0023280E /* RRCustomViewControllerTransitions.app */ = {isa = PBXFileReference; explicitFileType = wrapper.application; includeInIndex = 0; path = RRCustomViewControllerTransitions.app; sourceTree = BUILT_PRODUCTS_DIR; };
		652B54831B2F209A0023280E /* Info.plist */ = {isa = PBXFileReference; lastKnownFileType = text.plist.xml; path = Info.plist; sourceTree = "<group>"; };
		652B54841B2F209A0023280E /* main.m */ = {isa = PBXFileReference; lastKnownFileType = sourcecode.c.objc; path = main.m; sourceTree = "<group>"; };
		652B54861B2F209A0023280E /* AppDelegate.h */ = {isa = PBXFileReference; lastKnownFileType = sourcecode.c.h; path = AppDelegate.h; sourceTree = "<group>"; };
		652B54871B2F209A0023280E /* AppDelegate.m */ = {isa = PBXFileReference; lastKnownFileType = sourcecode.c.objc; path = AppDelegate.m; sourceTree = "<group>"; };
		652B548D1B2F209A0023280E /* Base */ = {isa = PBXFileReference; lastKnownFileType = file.storyboard; name = Base; path = Base.lproj/Main.storyboard; sourceTree = "<group>"; };
		652B548F1B2F209A0023280E /* Images.xcassets */ = {isa = PBXFileReference; lastKnownFileType = folder.assetcatalog; path = Images.xcassets; sourceTree = "<group>"; };
		652B54921B2F209A0023280E /* Base */ = {isa = PBXFileReference; lastKnownFileType = file.xib; name = Base; path = Base.lproj/LaunchScreen.xib; sourceTree = "<group>"; };
		652B54981B2F209A0023280E /* RRCustomViewControllerTransitionsTests.xctest */ = {isa = PBXFileReference; explicitFileType = wrapper.cfbundle; includeInIndex = 0; path = RRCustomViewControllerTransitionsTests.xctest; sourceTree = BUILT_PRODUCTS_DIR; };
		652B549D1B2F209A0023280E /* Info.plist */ = {isa = PBXFileReference; lastKnownFileType = text.plist.xml; path = Info.plist; sourceTree = "<group>"; };
		652B549E1B2F209A0023280E /* RRCustomViewControllerTransitionsTests.m */ = {isa = PBXFileReference; lastKnownFileType = sourcecode.c.objc; path = RRCustomViewControllerTransitionsTests.m; sourceTree = "<group>"; };
		652B54AA1B2F5C570023280E /* RRSecondViewController.h */ = {isa = PBXFileReference; fileEncoding = 4; lastKnownFileType = sourcecode.c.h; path = RRSecondViewController.h; sourceTree = "<group>"; };
		652B54AB1B2F5C570023280E /* RRSecondViewController.m */ = {isa = PBXFileReference; fileEncoding = 4; lastKnownFileType = sourcecode.c.objc; path = RRSecondViewController.m; sourceTree = "<group>"; };
		652B54AE1B2F5C7D0023280E /* RRFirstViewController.h */ = {isa = PBXFileReference; fileEncoding = 4; lastKnownFileType = sourcecode.c.h; path = RRFirstViewController.h; sourceTree = "<group>"; };
		652B54AF1B2F5C7D0023280E /* RRFirstViewController.m */ = {isa = PBXFileReference; fileEncoding = 4; lastKnownFileType = sourcecode.c.objc; path = RRFirstViewController.m; sourceTree = "<group>"; };
		652B54B21B2F5CE80023280E /* RRViewControllerAnimator.h */ = {isa = PBXFileReference; fileEncoding = 4; lastKnownFileType = sourcecode.c.h; path = RRViewControllerAnimator.h; sourceTree = "<group>"; };
		652B54B31B2F5CE80023280E /* RRViewControllerAnimator.m */ = {isa = PBXFileReference; fileEncoding = 4; lastKnownFileType = sourcecode.c.objc; path = RRViewControllerAnimator.m; sourceTree = "<group>"; };
		652B54B71B2F89090023280E /* RRNavigationControllerDelegate.h */ = {isa = PBXFileReference; fileEncoding = 4; lastKnownFileType = sourcecode.c.h; path = RRNavigationControllerDelegate.h; sourceTree = "<group>"; };
		652B54B81B2F89090023280E /* RRNavigationControllerDelegate.m */ = {isa = PBXFileReference; fileEncoding = 4; lastKnownFileType = sourcecode.c.objc; path = RRNavigationControllerDelegate.m; sourceTree = "<group>"; };
/* End PBXFileReference section */

/* Begin PBXFrameworksBuildPhase section */
		652B547C1B2F209A0023280E /* Frameworks */ = {
			isa = PBXFrameworksBuildPhase;
			buildActionMask = 2147483647;
			files = (
			);
			runOnlyForDeploymentPostprocessing = 0;
		};
		652B54951B2F209A0023280E /* Frameworks */ = {
			isa = PBXFrameworksBuildPhase;
			buildActionMask = 2147483647;
			files = (
			);
			runOnlyForDeploymentPostprocessing = 0;
		};
/* End PBXFrameworksBuildPhase section */

/* Begin PBXGroup section */
		652B54761B2F209A0023280E = {
			isa = PBXGroup;
			children = (
				652B54811B2F209A0023280E /* RRCustomViewControllerTransitions */,
				652B549B1B2F209A0023280E /* RRCustomViewControllerTransitionsTests */,
				652B54801B2F209A0023280E /* Products */,
			);
			sourceTree = "<group>";
		};
		652B54801B2F209A0023280E /* Products */ = {
			isa = PBXGroup;
			children = (
				652B547F1B2F209A0023280E /* RRCustomViewControllerTransitions.app */,
				652B54981B2F209A0023280E /* RRCustomViewControllerTransitionsTests.xctest */,
			);
			name = Products;
			sourceTree = "<group>";
		};
		652B54811B2F209A0023280E /* RRCustomViewControllerTransitions */ = {
			isa = PBXGroup;
			children = (
				652B54A81B2F2A160023280E /* Animator */,
				652B54861B2F209A0023280E /* AppDelegate.h */,
				652B54B61B2F88EA0023280E /* NavigationController */,
				652B54A91B2F2A210023280E /* ViewControllers */,
				652B54871B2F209A0023280E /* AppDelegate.m */,
				652B548C1B2F209A0023280E /* Main.storyboard */,
				652B548F1B2F209A0023280E /* Images.xcassets */,
				652B54911B2F209A0023280E /* LaunchScreen.xib */,
				652B54821B2F209A0023280E /* Supporting Files */,
			);
			path = RRCustomViewControllerTransitions;
			sourceTree = "<group>";
		};
		652B54821B2F209A0023280E /* Supporting Files */ = {
			isa = PBXGroup;
			children = (
				652B54831B2F209A0023280E /* Info.plist */,
				652B54841B2F209A0023280E /* main.m */,
			);
			name = "Supporting Files";
			sourceTree = "<group>";
		};
		652B549B1B2F209A0023280E /* RRCustomViewControllerTransitionsTests */ = {
			isa = PBXGroup;
			children = (
				652B549E1B2F209A0023280E /* RRCustomViewControllerTransitionsTests.m */,
				652B549C1B2F209A0023280E /* Supporting Files */,
			);
			path = RRCustomViewControllerTransitionsTests;
			sourceTree = "<group>";
		};
		652B549C1B2F209A0023280E /* Supporting Files */ = {
			isa = PBXGroup;
			children = (
				652B549D1B2F209A0023280E /* Info.plist */,
			);
			name = "Supporting Files";
			sourceTree = "<group>";
		};
		652B54A81B2F2A160023280E /* Animator */ = {
			isa = PBXGroup;
			children = (
				652B54B21B2F5CE80023280E /* RRViewControllerAnimator.h */,
				652B54B31B2F5CE80023280E /* RRViewControllerAnimator.m */,
			);
			name = Animator;
			sourceTree = "<group>";
		};
		652B54A91B2F2A210023280E /* ViewControllers */ = {
			isa = PBXGroup;
			children = (
				652B54AE1B2F5C7D0023280E /* RRFirstViewController.h */,
				652B54AF1B2F5C7D0023280E /* RRFirstViewController.m */,
				652B54AA1B2F5C570023280E /* RRSecondViewController.h */,
				652B54AB1B2F5C570023280E /* RRSecondViewController.m */,
			);
			name = ViewControllers;
			sourceTree = "<group>";
		};
		652B54B61B2F88EA0023280E /* NavigationController */ = {
			isa = PBXGroup;
			children = (
				652B54B71B2F89090023280E /* RRNavigationControllerDelegate.h */,
				652B54B81B2F89090023280E /* RRNavigationControllerDelegate.m */,
			);
			name = NavigationController;
			sourceTree = "<group>";
		};
/* End PBXGroup section */

/* Begin PBXNativeTarget section */
		652B547E1B2F209A0023280E /* RRCustomViewControllerTransitions */ = {
			isa = PBXNativeTarget;
			buildConfigurationList = 652B54A21B2F209A0023280E /* Build configuration list for PBXNativeTarget "RRCustomViewControllerTransitions" */;
			buildPhases = (
				652B547B1B2F209A0023280E /* Sources */,
				652B547C1B2F209A0023280E /* Frameworks */,
				652B547D1B2F209A0023280E /* Resources */,
			);
			buildRules = (
			);
			dependencies = (
			);
			name = RRCustomViewControllerTransitions;
			productName = RRCustomViewControllerTransitions;
			productReference = 652B547F1B2F209A0023280E /* RRCustomViewControllerTransitions.app */;
			productType = "com.apple.product-type.application";
		};
		652B54971B2F209A0023280E /* RRCustomViewControllerTransitionsTests */ = {
			isa = PBXNativeTarget;
			buildConfigurationList = 652B54A51B2F209A0023280E /* Build configuration list for PBXNativeTarget "RRCustomViewControllerTransitionsTests" */;
			buildPhases = (
				652B54941B2F209A0023280E /* Sources */,
				652B54951B2F209A0023280E /* Frameworks */,
				652B54961B2F209A0023280E /* Resources */,
			);
			buildRules = (
			);
			dependencies = (
				652B549A1B2F209A0023280E /* PBXTargetDependency */,
			);
			name = RRCustomViewControllerTransitionsTests;
			productName = RRCustomViewControllerTransitionsTests;
			productReference = 652B54981B2F209A0023280E /* RRCustomViewControllerTransitionsTests.xctest */;
			productType = "com.apple.product-type.bundle.unit-test";
		};
/* End PBXNativeTarget section */

/* Begin PBXProject section */
		652B54771B2F209A0023280E /* Project object */ = {
			isa = PBXProject;
			attributes = {
				LastUpgradeCheck = 0630;
				ORGANIZATIONNAME = rro;
				TargetAttributes = {
					652B547E1B2F209A0023280E = {
						CreatedOnToolsVersion = 6.3;
					};
					652B54971B2F209A0023280E = {
						CreatedOnToolsVersion = 6.3;
						TestTargetID = 652B547E1B2F209A0023280E;
					};
				};
			};
			buildConfigurationList = 652B547A1B2F209A0023280E /* Build configuration list for PBXProject "RRCustomViewControllerTransitions" */;
			compatibilityVersion = "Xcode 3.2";
			developmentRegion = English;
			hasScannedForEncodings = 0;
			knownRegions = (
				en,
				Base,
			);
			mainGroup = 652B54761B2F209A0023280E;
			productRefGroup = 652B54801B2F209A0023280E /* Products */;
			projectDirPath = "";
			projectRoot = "";
			targets = (
				652B547E1B2F209A0023280E /* RRCustomViewControllerTransitions */,
				652B54971B2F209A0023280E /* RRCustomViewControllerTransitionsTests */,
			);
		};
/* End PBXProject section */

/* Begin PBXResourcesBuildPhase section */
		652B547D1B2F209A0023280E /* Resources */ = {
			isa = PBXResourcesBuildPhase;
			buildActionMask = 2147483647;
			files = (
				652B548E1B2F209A0023280E /* Main.storyboard in Resources */,
				652B54931B2F209A0023280E /* LaunchScreen.xib in Resources */,
				652B54901B2F209A0023280E /* Images.xcassets in Resources */,
			);
			runOnlyForDeploymentPostprocessing = 0;
		};
		652B54961B2F209A0023280E /* Resources */ = {
			isa = PBXResourcesBuildPhase;
			buildActionMask = 2147483647;
			files = (
			);
			runOnlyForDeploymentPostprocessing = 0;
		};
/* End PBXResourcesBuildPhase section */

/* Begin PBXSourcesBuildPhase section */
		652B547B1B2F209A0023280E /* Sources */ = {
			isa = PBXSourcesBuildPhase;
			buildActionMask = 2147483647;
			files = (
				652B54B91B2F89090023280E /* RRNavigationControllerDelegate.m in Sources */,
				652B54B01B2F5C7D0023280E /* RRFirstViewController.m in Sources */,
				652B54881B2F209A0023280E /* AppDelegate.m in Sources */,
				652B54AC1B2F5C570023280E /* RRSecondViewController.m in Sources */,
				652B54851B2F209A0023280E /* main.m in Sources */,
				652B54B41B2F5CE80023280E /* RRViewControllerAnimator.m in Sources */,
			);
			runOnlyForDeploymentPostprocessing = 0;
		};
		652B54941B2F209A0023280E /* Sources */ = {
			isa = PBXSourcesBuildPhase;
			buildActionMask = 2147483647;
			files = (
				652B54B11B2F5C7D0023280E /* RRFirstViewController.m in Sources */,
				652B54BA1B2F89090023280E /* RRNavigationControllerDelegate.m in Sources */,
				652B54AD1B2F5C570023280E /* RRSecondViewController.m in Sources */,
				652B549F1B2F209A0023280E /* RRCustomViewControllerTransitionsTests.m in Sources */,
				652B54B51B2F5CE80023280E /* RRViewControllerAnimator.m in Sources */,
			);
			runOnlyForDeploymentPostprocessing = 0;
		};
/* End PBXSourcesBuildPhase section */

/* Begin PBXTargetDependency section */
		652B549A1B2F209A0023280E /* PBXTargetDependency */ = {
			isa = PBXTargetDependency;
			target = 652B547E1B2F209A0023280E /* RRCustomViewControllerTransitions */;
			targetProxy = 652B54991B2F209A0023280E /* PBXContainerItemProxy */;
		};
/* End PBXTargetDependency section */

/* Begin PBXVariantGroup section */
		652B548C1B2F209A0023280E /* Main.storyboard */ = {
			isa = PBXVariantGroup;
			children = (
				652B548D1B2F209A0023280E /* Base */,
			);
			name = Main.storyboard;
			sourceTree = "<group>";
		};
		652B54911B2F209A0023280E /* LaunchScreen.xib */ = {
			isa = PBXVariantGroup;
			children = (
				652B54921B2F209A0023280E /* Base */,
			);
			name = LaunchScreen.xib;
			sourceTree = "<group>";
		};
/* End PBXVariantGroup section */

/* Begin XCBuildConfiguration section */
		652B54A01B2F209A0023280E /* Debug */ = {
			isa = XCBuildConfiguration;
			buildSettings = {
				ALWAYS_SEARCH_USER_PATHS = NO;
				CLANG_CXX_LANGUAGE_STANDARD = "gnu++0x";
				CLANG_CXX_LIBRARY = "libc++";
				CLANG_ENABLE_MODULES = YES;
				CLANG_ENABLE_OBJC_ARC = YES;
				CLANG_WARN_BOOL_CONVERSION = YES;
				CLANG_WARN_CONSTANT_CONVERSION = YES;
				CLANG_WARN_DIRECT_OBJC_ISA_USAGE = YES_ERROR;
				CLANG_WARN_EMPTY_BODY = YES;
				CLANG_WARN_ENUM_CONVERSION = YES;
				CLANG_WARN_INT_CONVERSION = YES;
				CLANG_WARN_OBJC_ROOT_CLASS = YES_ERROR;
				CLANG_WARN_UNREACHABLE_CODE = YES;
				CLANG_WARN__DUPLICATE_METHOD_MATCH = YES;
				"CODE_SIGN_IDENTITY[sdk=iphoneos*]" = "iPhone Developer";
				COPY_PHASE_STRIP = NO;
				DEBUG_INFORMATION_FORMAT = "dwarf-with-dsym";
				ENABLE_STRICT_OBJC_MSGSEND = YES;
				GCC_C_LANGUAGE_STANDARD = gnu99;
				GCC_DYNAMIC_NO_PIC = NO;
				GCC_NO_COMMON_BLOCKS = YES;
				GCC_OPTIMIZATION_LEVEL = 0;
				GCC_PREPROCESSOR_DEFINITIONS = (
					"DEBUG=1",
					"$(inherited)",
				);
				GCC_SYMBOLS_PRIVATE_EXTERN = NO;
				GCC_WARN_64_TO_32_BIT_CONVERSION = YES;
				GCC_WARN_ABOUT_RETURN_TYPE = YES_ERROR;
				GCC_WARN_UNDECLARED_SELECTOR = YES;
				GCC_WARN_UNINITIALIZED_AUTOS = YES_AGGRESSIVE;
				GCC_WARN_UNUSED_FUNCTION = YES;
				GCC_WARN_UNUSED_VARIABLE = YES;
				IPHONEOS_DEPLOYMENT_TARGET = 8.3;
				MTL_ENABLE_DEBUG_INFO = YES;
				ONLY_ACTIVE_ARCH = YES;
				SDKROOT = iphoneos;
				TARGETED_DEVICE_FAMILY = "1,2";
			};
			name = Debug;
		};
		652B54A11B2F209A0023280E /* Release */ = {
			isa = XCBuildConfiguration;
			buildSettings = {
				ALWAYS_SEARCH_USER_PATHS = NO;
				CLANG_CXX_LANGUAGE_STANDARD = "gnu++0x";
				CLANG_CXX_LIBRARY = "libc++";
				CLANG_ENABLE_MODULES = YES;
				CLANG_ENABLE_OBJC_ARC = YES;
				CLANG_WARN_BOOL_CONVERSION = YES;
				CLANG_WARN_CONSTANT_CONVERSION = YES;
				CLANG_WARN_DIRECT_OBJC_ISA_USAGE = YES_ERROR;
				CLANG_WARN_EMPTY_BODY = YES;
				CLANG_WARN_ENUM_CONVERSION = YES;
				CLANG_WARN_INT_CONVERSION = YES;
				CLANG_WARN_OBJC_ROOT_CLASS = YES_ERROR;
				CLANG_WARN_UNREACHABLE_CODE = YES;
				CLANG_WARN__DUPLICATE_METHOD_MATCH = YES;
				"CODE_SIGN_IDENTITY[sdk=iphoneos*]" = "iPhone Developer";
				COPY_PHASE_STRIP = NO;
				DEBUG_INFORMATION_FORMAT = "dwarf-with-dsym";
				ENABLE_NS_ASSERTIONS = NO;
				ENABLE_STRICT_OBJC_MSGSEND = YES;
				GCC_C_LANGUAGE_STANDARD = gnu99;
				GCC_NO_COMMON_BLOCKS = YES;
				GCC_WARN_64_TO_32_BIT_CONVERSION = YES;
				GCC_WARN_ABOUT_RETURN_TYPE = YES_ERROR;
				GCC_WARN_UNDECLARED_SELECTOR = YES;
				GCC_WARN_UNINITIALIZED_AUTOS = YES_AGGRESSIVE;
				GCC_WARN_UNUSED_FUNCTION = YES;
				GCC_WARN_UNUSED_VARIABLE = YES;
				IPHONEOS_DEPLOYMENT_TARGET = 8.3;
				MTL_ENABLE_DEBUG_INFO = NO;
				SDKROOT = iphoneos;
				TARGETED_DEVICE_FAMILY = "1,2";
				VALIDATE_PRODUCT = YES;
			};
			name = Release;
		};
		652B54A31B2F209A0023280E /* Debug */ = {
			isa = XCBuildConfiguration;
			buildSettings = {
				ASSETCATALOG_COMPILER_APPICON_NAME = AppIcon;
				INFOPLIST_FILE = RRCustomViewControllerTransitions/Info.plist;
				LD_RUNPATH_SEARCH_PATHS = "$(inherited) @executable_path/Frameworks";
				PRODUCT_NAME = "$(TARGET_NAME)";
			};
			name = Debug;
		};
		652B54A41B2F209A0023280E /* Release */ = {
			isa = XCBuildConfiguration;
			buildSettings = {
				ASSETCATALOG_COMPILER_APPICON_NAME = AppIcon;
				INFOPLIST_FILE = RRCustomViewControllerTransitions/Info.plist;
				LD_RUNPATH_SEARCH_PATHS = "$(inherited) @executable_path/Frameworks";
				PRODUCT_NAME = "$(TARGET_NAME)";
			};
			name = Release;
		};
		652B54A61B2F209A0023280E /* Debug */ = {
			isa = XCBuildConfiguration;
			buildSettings = {
				BUNDLE_LOADER = "$(TEST_HOST)";
				FRAMEWORK_SEARCH_PATHS = (
					"$(SDKROOT)/Developer/Library/Frameworks",
					"$(inherited)",
				);
				GCC_PREPROCESSOR_DEFINITIONS = (
					"DEBUG=1",
					"$(inherited)",
				);
				INFOPLIST_FILE = RRCustomViewControllerTransitionsTests/Info.plist;
				LD_RUNPATH_SEARCH_PATHS = "$(inherited) @executable_path/Frameworks @loader_path/Frameworks";
				PRODUCT_NAME = "$(TARGET_NAME)";
				TEST_HOST = "$(BUILT_PRODUCTS_DIR)/RRCustomViewControllerTransitions.app/RRCustomViewControllerTransitions";
			};
			name = Debug;
		};
		652B54A71B2F209A0023280E /* Release */ = {
			isa = XCBuildConfiguration;
			buildSettings = {
				BUNDLE_LOADER = "$(TEST_HOST)";
				FRAMEWORK_SEARCH_PATHS = (
					"$(SDKROOT)/Developer/Library/Frameworks",
					"$(inherited)",
				);
				INFOPLIST_FILE = RRCustomViewControllerTransitionsTests/Info.plist;
				LD_RUNPATH_SEARCH_PATHS = "$(inherited) @executable_path/Frameworks @loader_path/Frameworks";
				PRODUCT_NAME = "$(TARGET_NAME)";
				TEST_HOST = "$(BUILT_PRODUCTS_DIR)/RRCustomViewControllerTransitions.app/RRCustomViewControllerTransitions";
			};
			name = Release;
		};
/* End XCBuildConfiguration section */

/* Begin XCConfigurationList section */
		652B547A1B2F209A0023280E /* Build configuration list for PBXProject "RRCustomViewControllerTransitions" */ = {
			isa = XCConfigurationList;
			buildConfigurations = (
				652B54A01B2F209A0023280E /* Debug */,
				652B54A11B2F209A0023280E /* Release */,
			);
			defaultConfigurationIsVisible = 0;
			defaultConfigurationName = Release;
		};
		652B54A21B2F209A0023280E /* Build configuration list for PBXNativeTarget "RRCustomViewControllerTransitions" */ = {
			isa = XCConfigurationList;
			buildConfigurations = (
				652B54A31B2F209A0023280E /* Debug */,
				652B54A41B2F209A0023280E /* Release */,
			);
			defaultConfigurationIsVisible = 0;
			defaultConfigurationName = Release;
		};
		652B54A51B2F209A0023280E /* Build configuration list for PBXNativeTarget "RRCustomViewControllerTransitionsTests" */ = {
			isa = XCConfigurationList;
			buildConfigurations = (
				652B54A61B2F209A0023280E /* Debug */,
				652B54A71B2F209A0023280E /* Release */,
			);
			defaultConfigurationIsVisible = 0;
			defaultConfigurationName = Release;
		};
/* End XCConfigurationList section */
	};
	rootObject = 652B54771B2F209A0023280E /* Project object */;
}
